
Microsoft Visual Studio Solution File, Format Version 12.00
# Visual Studio Version 17
VisualStudioVersion = 17.11.35327.3
MinimumVisualStudioVersion = 10.0.40219.1
Project("{2150E333-8FDC-42A3-9474-1A3956D46DE8}") = "Task_1", "Task_1", "{732D26FC-B13C-41FF-832C-57B5B2C596AE}"
EndProject
Project("{2150E333-8FDC-42A3-9474-1A3956D46DE8}") = "Task_3", "Task_3", "{1DDE0AE5-D40A-42C2-A630-E896CC6A313F}"
EndProject
Project("{2150E333-8FDC-42A3-9474-1A3956D46DE8}") = "Task_4", "Task_4", "{014DF94C-E5B9-4DFB-8121-2DFCC4A787F6}"
EndProject
Project("{2150E333-8FDC-42A3-9474-1A3956D46DE8}") = "Task_5", "Task_5", "{173A6C9E-4BC8-40F9-A5E2-D2FC0140D1E0}"
EndProject
Project("{8BC9CEB8-8B4A-11D0-8D11-00A0C91BC942}") = "task_4", "task_4\task_4.vcxproj", "{A3FDE85D-97EB-4E79-A3B8-F62D932E4DE6}"
EndProject
Project("{8BC9CEB8-8B4A-11D0-8D11-00A0C91BC942}") = "task_5", "task_5\task_5.vcxproj", "{6D816F03-9C5A-477C-ACE4-274C62FCB0F5}"
EndProject
Project("{8BC9CEB8-8B4A-11D0-8D11-00A0C91BC942}") = "StaticLib", "StaticLib\StaticLib.vcxproj", "{019B4705-4462-4252-A932-34F0CF351141}"
EndProject
Project("{8BC9CEB8-8B4A-11D0-8D11-00A0C91BC942}") = "task_1", "task_1\task_1.vcxproj", "{BF253AF6-AA89-446E-BE3F-21C0C36256B0}"
EndProject
Project("{2150E333-8FDC-42A3-9474-1A3956D46DE8}") = "Task_2", "Task_2", "{2DECEE22-958D-4989-843F-B611010DA852}"
EndProject
Project("{8BC9CEB8-8B4A-11D0-8D11-00A0C91BC942}") = "task_2", "task_2\task_2.vcxproj", "{9F86547C-4F8A-4270-98EA-AA3B38524686}"
EndProject
Project("{8BC9CEB8-8B4A-11D0-8D11-00A0C91BC942}") = "DLL2", "DLL2\DLL2.vcxproj", "{3FCE6559-17E8-4EA5-A0FA-10A2E15E3171}"
EndProject
Project("{8BC9CEB8-8B4A-11D0-8D11-00A0C91BC942}") = "GTestTask_4", "GTestTask_4\GTestTask_4.vcxproj", "{A1E4FA4D-DB5B-49C2-ACA0-4FB4F2276585}"
EndProject
Project("{8BC9CEB8-8B4A-11D0-8D11-00A0C91BC942}") = "GTestTask_5", "GTestTask_5\GTestTask_5.vcxproj", "{25E91AC5-4508-4F2D-9300-578977389F3B}"
EndProject
Project("{8BC9CEB8-8B4A-11D0-8D11-00A0C91BC942}") = "GTestTask1", "GTestTask1\GTestTask1.vcxproj", "{A7361296-7E32-4858-923F-97C1D847EC38}"
EndProject
Project("{8BC9CEB8-8B4A-11D0-8D11-00A0C91BC942}") = "GTestTask2", "GTestTask2\GTestTask2.vcxproj", "{98A8259F-C75C-4912-AE28-9F3EB818E0BA}"
EndProject
Project("{8BC9CEB8-8B4A-11D0-8D11-00A0C91BC942}") = "task_3", "task_3\task_3.vcxproj", "{E86A95F7-0F99-4B46-B59E-1F2E62A668B3}"
EndProject
Project("{8BC9CEB8-8B4A-11D0-8D11-00A0C91BC942}") = "GtestTask_3", "GtestTask_3\GtestTask_3.vcxproj", "{B81AF7BE-3EFA-4B10-B877-F46DA13909B0}"
EndProject
Global
	GlobalSection(SolutionConfigurationPlatforms) = preSolution
		Debug|x64 = Debug|x64
		Debug|x86 = Debug|x86
		Release|x64 = Release|x64
		Release|x86 = Release|x86
	EndGlobalSection
	GlobalSection(ProjectConfigurationPlatforms) = postSolution
		{A3FDE85D-97EB-4E79-A3B8-F62D932E4DE6}.Debug|x64.ActiveCfg = Debug|x64
		{A3FDE85D-97EB-4E79-A3B8-F62D932E4DE6}.Debug|x64.Build.0 = Debug|x64
		{A3FDE85D-97EB-4E79-A3B8-F62D932E4DE6}.Debug|x86.ActiveCfg = Debug|Win32
		{A3FDE85D-97EB-4E79-A3B8-F62D932E4DE6}.Debug|x86.Build.0 = Debug|Win32
		{A3FDE85D-97EB-4E79-A3B8-F62D932E4DE6}.Release|x64.ActiveCfg = Release|x64
		{A3FDE85D-97EB-4E79-A3B8-F62D932E4DE6}.Release|x64.Build.0 = Release|x64
		{A3FDE85D-97EB-4E79-A3B8-F62D932E4DE6}.Release|x86.ActiveCfg = Release|Win32
		{A3FDE85D-97EB-4E79-A3B8-F62D932E4DE6}.Release|x86.Build.0 = Release|Win32
		{6D816F03-9C5A-477C-ACE4-274C62FCB0F5}.Debug|x64.ActiveCfg = Debug|x64
		{6D816F03-9C5A-477C-ACE4-274C62FCB0F5}.Debug|x64.Build.0 = Debug|x64
		{6D816F03-9C5A-477C-ACE4-274C62FCB0F5}.Debug|x86.ActiveCfg = Debug|Win32
		{6D816F03-9C5A-477C-ACE4-274C62FCB0F5}.Debug|x86.Build.0 = Debug|Win32
		{6D816F03-9C5A-477C-ACE4-274C62FCB0F5}.Release|x64.ActiveCfg = Release|x64
		{6D816F03-9C5A-477C-ACE4-274C62FCB0F5}.Release|x64.Build.0 = Release|x64
		{6D816F03-9C5A-477C-ACE4-274C62FCB0F5}.Release|x86.ActiveCfg = Release|Win32
		{6D816F03-9C5A-477C-ACE4-274C62FCB0F5}.Release|x86.Build.0 = Release|Win32
		{019B4705-4462-4252-A932-34F0CF351141}.Debug|x64.ActiveCfg = Debug|x64
		{019B4705-4462-4252-A932-34F0CF351141}.Debug|x64.Build.0 = Debug|x64
		{019B4705-4462-4252-A932-34F0CF351141}.Debug|x86.ActiveCfg = Debug|Win32
		{019B4705-4462-4252-A932-34F0CF351141}.Debug|x86.Build.0 = Debug|Win32
		{019B4705-4462-4252-A932-34F0CF351141}.Release|x64.ActiveCfg = Release|x64
		{019B4705-4462-4252-A932-34F0CF351141}.Release|x64.Build.0 = Release|x64
		{019B4705-4462-4252-A932-34F0CF351141}.Release|x86.ActiveCfg = Release|Win32
		{019B4705-4462-4252-A932-34F0CF351141}.Release|x86.Build.0 = Release|Win32
		{BF253AF6-AA89-446E-BE3F-21C0C36256B0}.Debug|x64.ActiveCfg = Debug|x64
		{BF253AF6-AA89-446E-BE3F-21C0C36256B0}.Debug|x64.Build.0 = Debug|x64
		{BF253AF6-AA89-446E-BE3F-21C0C36256B0}.Debug|x86.ActiveCfg = Debug|Win32
		{BF253AF6-AA89-446E-BE3F-21C0C36256B0}.Debug|x86.Build.0 = Debug|Win32
		{BF253AF6-AA89-446E-BE3F-21C0C36256B0}.Release|x64.ActiveCfg = Release|x64
		{BF253AF6-AA89-446E-BE3F-21C0C36256B0}.Release|x64.Build.0 = Release|x64
		{BF253AF6-AA89-446E-BE3F-21C0C36256B0}.Release|x86.ActiveCfg = Release|Win32
		{BF253AF6-AA89-446E-BE3F-21C0C36256B0}.Release|x86.Build.0 = Release|Win32
		{9F86547C-4F8A-4270-98EA-AA3B38524686}.Debug|x64.ActiveCfg = Debug|x64
		{9F86547C-4F8A-4270-98EA-AA3B38524686}.Debug|x64.Build.0 = Debug|x64
		{9F86547C-4F8A-4270-98EA-AA3B38524686}.Debug|x86.ActiveCfg = Debug|Win32
		{9F86547C-4F8A-4270-98EA-AA3B38524686}.Debug|x86.Build.0 = Debug|Win32
		{9F86547C-4F8A-4270-98EA-AA3B38524686}.Release|x64.ActiveCfg = Release|x64
		{9F86547C-4F8A-4270-98EA-AA3B38524686}.Release|x64.Build.0 = Release|x64
		{9F86547C-4F8A-4270-98EA-AA3B38524686}.Release|x86.ActiveCfg = Release|Win32
		{9F86547C-4F8A-4270-98EA-AA3B38524686}.Release|x86.Build.0 = Release|Win32
		{3FCE6559-17E8-4EA5-A0FA-10A2E15E3171}.Debug|x64.ActiveCfg = Debug|x64
		{3FCE6559-17E8-4EA5-A0FA-10A2E15E3171}.Debug|x64.Build.0 = Debug|x64
		{3FCE6559-17E8-4EA5-A0FA-10A2E15E3171}.Debug|x86.ActiveCfg = Debug|Win32
		{3FCE6559-17E8-4EA5-A0FA-10A2E15E3171}.Debug|x86.Build.0 = Debug|Win32
		{3FCE6559-17E8-4EA5-A0FA-10A2E15E3171}.Release|x64.ActiveCfg = Release|x64
		{3FCE6559-17E8-4EA5-A0FA-10A2E15E3171}.Release|x64.Build.0 = Release|x64
		{3FCE6559-17E8-4EA5-A0FA-10A2E15E3171}.Release|x86.ActiveCfg = Release|Win32
		{3FCE6559-17E8-4EA5-A0FA-10A2E15E3171}.Release|x86.Build.0 = Release|Win32
		{A1E4FA4D-DB5B-49C2-ACA0-4FB4F2276585}.Debug|x64.ActiveCfg = Debug|x64
		{A1E4FA4D-DB5B-49C2-ACA0-4FB4F2276585}.Debug|x64.Build.0 = Debug|x64
		{A1E4FA4D-DB5B-49C2-ACA0-4FB4F2276585}.Debug|x86.ActiveCfg = Debug|Win32
		{A1E4FA4D-DB5B-49C2-ACA0-4FB4F2276585}.Debug|x86.Build.0 = Debug|Win32
		{A1E4FA4D-DB5B-49C2-ACA0-4FB4F2276585}.Release|x64.ActiveCfg = Release|x64
		{A1E4FA4D-DB5B-49C2-ACA0-4FB4F2276585}.Release|x64.Build.0 = Release|x64
		{A1E4FA4D-DB5B-49C2-ACA0-4FB4F2276585}.Release|x86.ActiveCfg = Release|Win32
		{A1E4FA4D-DB5B-49C2-ACA0-4FB4F2276585}.Release|x86.Build.0 = Release|Win32
		{25E91AC5-4508-4F2D-9300-578977389F3B}.Debug|x64.ActiveCfg = Debug|x64
		{25E91AC5-4508-4F2D-9300-578977389F3B}.Debug|x64.Build.0 = Debug|x64
		{25E91AC5-4508-4F2D-9300-578977389F3B}.Debug|x86.ActiveCfg = Debug|Win32
		{25E91AC5-4508-4F2D-9300-578977389F3B}.Debug|x86.Build.0 = Debug|Win32
		{25E91AC5-4508-4F2D-9300-578977389F3B}.Release|x64.ActiveCfg = Release|x64
		{25E91AC5-4508-4F2D-9300-578977389F3B}.Release|x64.Build.0 = Release|x64
		{25E91AC5-4508-4F2D-9300-578977389F3B}.Release|x86.ActiveCfg = Release|Win32
		{25E91AC5-4508-4F2D-9300-578977389F3B}.Release|x86.Build.0 = Release|Win32
		{A7361296-7E32-4858-923F-97C1D847EC38}.Debug|x64.ActiveCfg = Debug|x64
		{A7361296-7E32-4858-923F-97C1D847EC38}.Debug|x64.Build.0 = Debug|x64
		{A7361296-7E32-4858-923F-97C1D847EC38}.Debug|x86.ActiveCfg = Debug|Win32
		{A7361296-7E32-4858-923F-97C1D847EC38}.Debug|x86.Build.0 = Debug|Win32
		{A7361296-7E32-4858-923F-97C1D847EC38}.Release|x64.ActiveCfg = Release|x64
		{A7361296-7E32-4858-923F-97C1D847EC38}.Release|x64.Build.0 = Release|x64
		{A7361296-7E32-4858-923F-97C1D847EC38}.Release|x86.ActiveCfg = Release|Win32
		{A7361296-7E32-4858-923F-97C1D847EC38}.Release|x86.Build.0 = Release|Win32
		{98A8259F-C75C-4912-AE28-9F3EB818E0BA}.Debug|x64.ActiveCfg = Debug|x64
		{98A8259F-C75C-4912-AE28-9F3EB818E0BA}.Debug|x64.Build.0 = Debug|x64
		{98A8259F-C75C-4912-AE28-9F3EB818E0BA}.Debug|x86.ActiveCfg = Debug|Win32
		{98A8259F-C75C-4912-AE28-9F3EB818E0BA}.Debug|x86.Build.0 = Debug|Win32
		{98A8259F-C75C-4912-AE28-9F3EB818E0BA}.Release|x64.ActiveCfg = Release|x64
		{98A8259F-C75C-4912-AE28-9F3EB818E0BA}.Release|x64.Build.0 = Release|x64
		{98A8259F-C75C-4912-AE28-9F3EB818E0BA}.Release|x86.ActiveCfg = Release|Win32
		{98A8259F-C75C-4912-AE28-9F3EB818E0BA}.Release|x86.Build.0 = Release|Win32
		{E86A95F7-0F99-4B46-B59E-1F2E62A668B3}.Debug|x64.ActiveCfg = Debug|x64
		{E86A95F7-0F99-4B46-B59E-1F2E62A668B3}.Debug|x64.Build.0 = Debug|x64
		{E86A95F7-0F99-4B46-B59E-1F2E62A668B3}.Debug|x86.ActiveCfg = Debug|Win32
		{E86A95F7-0F99-4B46-B59E-1F2E62A668B3}.Debug|x86.Build.0 = Debug|Win32
		{E86A95F7-0F99-4B46-B59E-1F2E62A668B3}.Release|x64.ActiveCfg = Release|x64
		{E86A95F7-0F99-4B46-B59E-1F2E62A668B3}.Release|x64.Build.0 = Release|x64
		{E86A95F7-0F99-4B46-B59E-1F2E62A668B3}.Release|x86.ActiveCfg = Release|Win32
		{E86A95F7-0F99-4B46-B59E-1F2E62A668B3}.Release|x86.Build.0 = Release|Win32
		{B81AF7BE-3EFA-4B10-B877-F46DA13909B0}.Debug|x64.ActiveCfg = Debug|x64
		{B81AF7BE-3EFA-4B10-B877-F46DA13909B0}.Debug|x64.Build.0 = Debug|x64
		{B81AF7BE-3EFA-4B10-B877-F46DA13909B0}.Debug|x86.ActiveCfg = Debug|Win32
		{B81AF7BE-3EFA-4B10-B877-F46DA13909B0}.Debug|x86.Build.0 = Debug|Win32
		{B81AF7BE-3EFA-4B10-B877-F46DA13909B0}.Release|x64.ActiveCfg = Release|x64
		{B81AF7BE-3EFA-4B10-B877-F46DA13909B0}.Release|x64.Build.0 = Release|x64
		{B81AF7BE-3EFA-4B10-B877-F46DA13909B0}.Release|x86.ActiveCfg = Release|Win32
		{B81AF7BE-3EFA-4B10-B877-F46DA13909B0}.Release|x86.Build.0 = Release|Win32
	EndGlobalSection
	GlobalSection(SolutionProperties) = preSolution
		HideSolutionNode = FALSE
	EndGlobalSection
	GlobalSection(NestedProjects) = preSolution
		{A3FDE85D-97EB-4E79-A3B8-F62D932E4DE6} = {014DF94C-E5B9-4DFB-8121-2DFCC4A787F6}
		{6D816F03-9C5A-477C-ACE4-274C62FCB0F5} = {173A6C9E-4BC8-40F9-A5E2-D2FC0140D1E0}
		{019B4705-4462-4252-A932-34F0CF351141} = {732D26FC-B13C-41FF-832C-57B5B2C596AE}
		{BF253AF6-AA89-446E-BE3F-21C0C36256B0} = {732D26FC-B13C-41FF-832C-57B5B2C596AE}
		{9F86547C-4F8A-4270-98EA-AA3B38524686} = {2DECEE22-958D-4989-843F-B611010DA852}
		{3FCE6559-17E8-4EA5-A0FA-10A2E15E3171} = {2DECEE22-958D-4989-843F-B611010DA852}
		{A1E4FA4D-DB5B-49C2-ACA0-4FB4F2276585} = {014DF94C-E5B9-4DFB-8121-2DFCC4A787F6}
		{25E91AC5-4508-4F2D-9300-578977389F3B} = {173A6C9E-4BC8-40F9-A5E2-D2FC0140D1E0}
		{A7361296-7E32-4858-923F-97C1D847EC38} = {732D26FC-B13C-41FF-832C-57B5B2C596AE}
		{98A8259F-C75C-4912-AE28-9F3EB818E0BA} = {2DECEE22-958D-4989-843F-B611010DA852}
		{E86A95F7-0F99-4B46-B59E-1F2E62A668B3} = {1DDE0AE5-D40A-42C2-A630-E896CC6A313F}
		{B81AF7BE-3EFA-4B10-B877-F46DA13909B0} = {1DDE0AE5-D40A-42C2-A630-E896CC6A313F}
	EndGlobalSection
	GlobalSection(ExtensibilityGlobals) = postSolution
		SolutionGuid = {FCC3C4FC-1C8F-49B2-905C-1A9F3ACBF3EB}
	EndGlobalSection
EndGlobal
